
Microsoft Visual Studio Solution File, Format Version 12.00
# Visual Studio Version 17
VisualStudioVersion = 17.13.35828.75 d17.13
MinimumVisualStudioVersion = 10.0.40219.1
Project("{FAE04EC0-301F-11D3-BF4B-00C04F79EFBC}") = "SnackisApi", "SnackisApi.csproj", "{8EEF5882-1970-4882-8B28-96DF2E2BC571}"
EndProject
Global
	GlobalSection(SolutionConfigurationPlatforms) = preSolution
		Debug|Any CPU = Debug|Any CPU
		Release|Any CPU = Release|Any CPU
	EndGlobalSection
	GlobalSection(ProjectConfigurationPlatforms) = postSolution
		{8EEF5882-1970-4882-8B28-96DF2E2BC571}.Debug|Any CPU.ActiveCfg = Debug|Any CPU
		{8EEF5882-1970-4882-8B28-96DF2E2BC571}.Debug|Any CPU.Build.0 = Debug|Any CPU
		{8EEF5882-1970-4882-8B28-96DF2E2BC571}.Release|Any CPU.ActiveCfg = Release|Any CPU
		{8EEF5882-1970-4882-8B28-96DF2E2BC571}.Release|Any CPU.Build.0 = Release|Any CPU
	EndGlobalSection
	GlobalSection(SolutionProperties) = preSolution
		HideSolutionNode = FALSE
	EndGlobalSection
	GlobalSection(ExtensibilityGlobals) = postSolution
		SolutionGuid = {6B71B2B7-8B86-4FC9-9D11-C73B4E7C0785}
	EndGlobalSection
EndGlobal
